
Microsoft Visual Studio Solution File, Format Version 12.00
# Visual Studio Version 16
VisualStudioVersion = 16.0.30804.86
MinimumVisualStudioVersion = 10.0.40219.1
Project("{9A19103F-16F7-4668-BE54-9A1E7A4F7556}") = "BookWorm", "BookWorm.csproj", "{EE885056-C65B-42EB-BA80-6B67578B698F}"
EndProject
Project("{FAE04EC0-301F-11D3-BF4B-00C04F79EFBC}") = "BookWorm.Models", "..\Models\BookWorm.Models.csproj", "{0DF88EC3-61B7-4C01-A3F7-5E2F89AF1A3A}"
EndProject
Project("{FAE04EC0-301F-11D3-BF4B-00C04F79EFBC}") = "BookWorm.Utility", "..\BookWorm.Utility\BookWorm.Utility.csproj", "{6069163A-27B5-4048-8B83-8A8278BD9346}"
EndProject
Project("{FAE04EC0-301F-11D3-BF4B-00C04F79EFBC}") = "BookWorm.DataAccess", "..\BookWorm.DataAccess\BookWorm.DataAccess.csproj", "{57E8CA0C-2FE7-48E3-94A1-50A621427D8B}"
EndProject
Global
	GlobalSection(SolutionConfigurationPlatforms) = preSolution
		Debug|Any CPU = Debug|Any CPU
		Release|Any CPU = Release|Any CPU
	EndGlobalSection
	GlobalSection(ProjectConfigurationPlatforms) = postSolution
		{EE885056-C65B-42EB-BA80-6B67578B698F}.Debug|Any CPU.ActiveCfg = Debug|Any CPU
		{EE885056-C65B-42EB-BA80-6B67578B698F}.Debug|Any CPU.Build.0 = Debug|Any CPU
		{EE885056-C65B-42EB-BA80-6B67578B698F}.Release|Any CPU.ActiveCfg = Release|Any CPU
		{EE885056-C65B-42EB-BA80-6B67578B698F}.Release|Any CPU.Build.0 = Release|Any CPU
		{0DF88EC3-61B7-4C01-A3F7-5E2F89AF1A3A}.Debug|Any CPU.ActiveCfg = Debug|Any CPU
		{0DF88EC3-61B7-4C01-A3F7-5E2F89AF1A3A}.Debug|Any CPU.Build.0 = Debug|Any CPU
		{0DF88EC3-61B7-4C01-A3F7-5E2F89AF1A3A}.Release|Any CPU.ActiveCfg = Release|Any CPU
		{0DF88EC3-61B7-4C01-A3F7-5E2F89AF1A3A}.Release|Any CPU.Build.0 = Release|Any CPU
		{6069163A-27B5-4048-8B83-8A8278BD9346}.Debug|Any CPU.ActiveCfg = Debug|Any CPU
		{6069163A-27B5-4048-8B83-8A8278BD9346}.Debug|Any CPU.Build.0 = Debug|Any CPU
		{6069163A-27B5-4048-8B83-8A8278BD9346}.Release|Any CPU.ActiveCfg = Release|Any CPU
		{6069163A-27B5-4048-8B83-8A8278BD9346}.Release|Any CPU.Build.0 = Release|Any CPU
		{57E8CA0C-2FE7-48E3-94A1-50A621427D8B}.Debug|Any CPU.ActiveCfg = Debug|Any CPU
		{57E8CA0C-2FE7-48E3-94A1-50A621427D8B}.Debug|Any CPU.Build.0 = Debug|Any CPU
		{57E8CA0C-2FE7-48E3-94A1-50A621427D8B}.Release|Any CPU.ActiveCfg = Release|Any CPU
		{57E8CA0C-2FE7-48E3-94A1-50A621427D8B}.Release|Any CPU.Build.0 = Release|Any CPU
	EndGlobalSection
	GlobalSection(SolutionProperties) = preSolution
		HideSolutionNode = FALSE
	EndGlobalSection
	GlobalSection(ExtensibilityGlobals) = postSolution
		SolutionGuid = {FB60DF48-9D93-4EE6-AEA2-DE56A9A5B53D}
	EndGlobalSection
EndGlobal
